<?xml version="1.0" encoding="utf-8"?>
<Project ToolsVersion="4.0" xmlns="http://schemas.microsoft.com/developer/msbuild/2003">
  <ItemGroup>
    <Filter Include="Source Files">
      <UniqueIdentifier>{4FC737F1-C7A5-4376-A066-2A32D752A2FF}</UniqueIdentifier>
      <Extensions>cpp;c;cc;cxx;c++;cppm;ixx;def;odl;idl;hpj;bat;asm;asmx</Extensions>
    </Filter>
    <Filter Include="Header Files">
      <UniqueIdentifier>{93995380-89BD-4b04-88EB-625FBE52EBFB}</UniqueIdentifier>
      <Extensions>h;hh;hpp;hxx;h++;hm;inl;inc;ipp;xsd</Extensions>
    </Filter>
    <Filter Include="Resource Files">
      <UniqueIdentifier>{67DA6AB6-F800-4c08-8B7A-83BB121AAD01}</UniqueIdentifier>
      <Extensions>rc;ico;cur;bmp;dlg;rc2;rct;bin;rgs;gif;jpg;jpeg;jpe;resx;tiff;tif;png;wav;mfcribbon-ms</Extensions>
    </Filter>
  </ItemGroup>
  <ItemGroup>
    <ClCompile Include="Defender.cpp">
      <Filter>Source Files</Filter>
    </ClCompile>
    <ClCompile Include="src\Entity\Source\Entity.cpp">
      <Filter>Source Files</Filter>
    </ClCompile>
    <ClCompile Include="src\Source\Game.cpp">
      <Filter>Source Files</Filter>
    </ClCompile>
    <ClCompile Include="src\Entity\Source\Enemy.cpp">
      <Filter>Source Files</Filter>
    </ClCompile>
    <ClCompile Include="src\Entity\Source\Projectile.cpp">
      <Filter>Source Files</Filter>
    </ClCompile>
    <ClCompile Include="src\Entity\Source\Astronaut.cpp">
      <Filter>Source Files</Filter>
    </ClCompile>
    <ClCompile Include="src\Entity\Source\Player.cpp">
      <Filter>Source Files</Filter>
    </ClCompile>
    <ClCompile Include="src\Entity\Projectile\Source\Laser.cpp">
      <Filter>Source Files</Filter>
    </ClCompile>
    <ClCompile Include="src\Entity\Projectile\Source\Bomb.cpp">
      <Filter>Source Files</Filter>
    </ClCompile>
    <ClCompile Include="src\Entity\Enemy\Source\Mutant.cpp">
      <Filter>Source Files</Filter>
    </ClCompile>
    <ClCompile Include="src\Entity\Enemy\Source\Bomber.cpp">
      <Filter>Source Files</Filter>
    </ClCompile>
    <ClCompile Include="src\Entity\Enemy\Source\Baiter.cpp">
      <Filter>Source Files</Filter>
    </ClCompile>
    <ClCompile Include="src\Entity\Enemy\Source\Pod.cpp">
      <Filter>Source Files</Filter>
    </ClCompile>
    <ClCompile Include="src\Entity\Enemy\Source\Swarmer.cpp">
      <Filter>Source Files</Filter>
    </ClCompile>
    <ClCompile Include="src\Entity\Projectile\Source\Bullet.cpp">
      <Filter>Source Files</Filter>
    </ClCompile>
    <ClCompile Include="src\Entity\Enemy\Source\Lander.cpp">
      <Filter>Source Files</Filter>
    </ClCompile>
    <ClCompile Include="src\Source\GameState.cpp">
      <Filter>Source Files</Filter>
    </ClCompile>
    <ClCompile Include="src\State\Source\AttractState.cpp">
      <Filter>Source Files</Filter>
    </ClCompile>
    <ClCompile Include="src\State\Source\HighscoreState.cpp">
      <Filter>Source Files</Filter>
    </ClCompile>
    <ClCompile Include="src\State\Source\StageState.cpp">
      <Filter>Source Files</Filter>
    </ClCompile>
    <ClCompile Include="src\Utility\Source\Timer.cpp">
      <Filter>Source Files</Filter>
    </ClCompile>
    <ClCompile Include="src\Utility\Source\Animation.cpp">
      <Filter>Source Files</Filter>
    </ClCompile>
    <ClCompile Include="src\Utility\Source\EntityManager.cpp">
      <Filter>Source Files</Filter>
    </ClCompile>
    <ClCompile Include="src\Utility\UserInterface\Source\UserInterface.cpp">
      <Filter>Source Files</Filter>
    </ClCompile>
    <ClCompile Include="src\Utility\UserInterface\Source\Minimap.cpp">
      <Filter>Source Files</Filter>
    </ClCompile>
    <ClCompile Include="src\Utility\UserInterface\Source\Stars.cpp">
      <Filter>Source Files</Filter>
    </ClCompile>
  </ItemGroup>
  <ItemGroup>
    <ClInclude Include="src\Entity\Entity.h">
      <Filter>Header Files</Filter>
    </ClInclude>
    <ClInclude Include="src\Game.h">
      <Filter>Header Files</Filter>
    </ClInclude>
    <ClInclude Include="src\Entity\Enemy.h">
      <Filter>Header Files</Filter>
    </ClInclude>
    <ClInclude Include="src\Entity\Projectile.h">
      <Filter>Header Files</Filter>
    </ClInclude>
    <ClInclude Include="src\Entity\Astronaut.h">
      <Filter>Header Files</Filter>
    </ClInclude>
    <ClInclude Include="src\Entity\Player.h">
      <Filter>Header Files</Filter>
    </ClInclude>
    <ClInclude Include="src\Entity\Projectile\Laser.h">
      <Filter>Header Files</Filter>
    </ClInclude>
    <ClInclude Include="src\Entity\Projectile\Bomb.h">
      <Filter>Header Files</Filter>
    </ClInclude>
    <ClInclude Include="src\Entity\Enemy\Mutant.h">
      <Filter>Header Files</Filter>
    </ClInclude>
    <ClInclude Include="src\Entity\Enemy\Bomber.h">
      <Filter>Header Files</Filter>
    </ClInclude>
    <ClInclude Include="src\Entity\Enemy\Baiter.h">
      <Filter>Header Files</Filter>
    </ClInclude>
    <ClInclude Include="src\Entity\Enemy\Pod.h">
      <Filter>Header Files</Filter>
    </ClInclude>
    <ClInclude Include="src\Entity\Enemy\Swarmer.h">
      <Filter>Header Files</Filter>
    </ClInclude>
    <ClInclude Include="src\Entity\Projectile\Bullet.h">
      <Filter>Header Files</Filter>
    </ClInclude>
    <ClInclude Include="src\Entity\Enemy\Lander.h">
      <Filter>Header Files</Filter>
    </ClInclude>
    <ClInclude Include="Defender.hpp">
      <Filter>Header Files</Filter>
    </ClInclude>
    <ClInclude Include="src\GameState.h">
      <Filter>Header Files</Filter>
    </ClInclude>
    <ClInclude Include="src\State\AttractState.h">
      <Filter>Header Files</Filter>
    </ClInclude>
    <ClInclude Include="src\State\HighscoreState.h">
      <Filter>Header Files</Filter>
    </ClInclude>
    <ClInclude Include="src\State\StageState.h">
      <Filter>Header Files</Filter>
    </ClInclude>
    <ClInclude Include="src\Game.hpp">
      <Filter>Header Files</Filter>
    </ClInclude>
    <ClInclude Include="src\Entity\Enemy\Enemy.hpp">
      <Filter>Header Files</Filter>
    </ClInclude>
    <ClInclude Include="src\Entity\Entity.hpp">
      <Filter>Header Files</Filter>
    </ClInclude>
    <ClInclude Include="src\Entity\Projectile\Projectile.hpp">
      <Filter>Header Files</Filter>
    </ClInclude>
    <ClInclude Include="src\State\State.hpp">
      <Filter>Header Files</Filter>
    </ClInclude>
    <ClInclude Include="src\Utility\Timer.h">
      <Filter>Header Files</Filter>
    </ClInclude>
    <ClInclude Include="src\Utility\Animation.h">
      <Filter>Header Files</Filter>
    </ClInclude>
    <ClInclude Include="src\Utility\EntityID.h">
      <Filter>Header Files</Filter>
    </ClInclude>
    <ClInclude Include="src\Utility\ShaderID.h">
      <Filter>Header Files</Filter>
    </ClInclude>
    <ClInclude Include="src\Utility\Action.h">
      <Filter>Header Files</Filter>
    </ClInclude>
    <ClInclude Include="src\Utility\EntityManager.h">
      <Filter>Header Files</Filter>
    </ClInclude>
    <ClInclude Include="src\Utility\EntityScript\EntityScript.h">
      <Filter>Header Files</Filter>
    </ClInclude>
    <ClInclude Include="src\Utility\EntityScript\EntityMoveScript.h">
      <Filter>Header Files</Filter>
    </ClInclude>
    <ClInclude Include="src\Utility\EntityScript\EntityWaitScript.h">
      <Filter>Header Files</Filter>
    </ClInclude>
    <ClInclude Include="src\Utility\UserInterface\UserInterface.h">
      <Filter>Header Files</Filter>
    </ClInclude>
    <ClInclude Include="src\Utility\UserInterface\Minimap.h">
      <Filter>Header Files</Filter>
    </ClInclude>
    <ClInclude Include="src\Utility\UserInterface\Stars.h">
      <Filter>Header Files</Filter>
    </ClInclude>
  </ItemGroup>
  <ItemGroup>
    <Image Include="res\defendersprites.jpg">
      <Filter>Resource Files</Filter>
    </Image>
    <Image Include="res\Windows_16colors_palette_color_test_chart.png">
      <Filter>Resource Files</Filter>
    </Image>
    <Image Include="res\Spritesheet.png">
      <Filter>Resource Files</Filter>
    </Image>
  </ItemGroup>
</Project>